
Microsoft Visual Studio Solution File, Format Version 12.00
# Visual Studio Version 17
VisualStudioVersion = 17.10.35004.147
MinimumVisualStudioVersion = 10.0.40219.1
Project("{FAE04EC0-301F-11D3-BF4B-00C04F79EFBC}") = "Extension_Methods", "Extension_Methods\Extension_Methods.csproj", "{12DB77ED-D315-4E5D-BA74-D36DA4732BDD}"
EndProject
Global
	GlobalSection(SolutionConfigurationPlatforms) = preSolution
		Debug|Any CPU = Debug|Any CPU
		Release|Any CPU = Release|Any CPU
	EndGlobalSection
	GlobalSection(ProjectConfigurationPlatforms) = postSolution
		{12DB77ED-D315-4E5D-BA74-D36DA4732BDD}.Debug|Any CPU.ActiveCfg = Debug|Any CPU
		{12DB77ED-D315-4E5D-BA74-D36DA4732BDD}.Debug|Any CPU.Build.0 = Debug|Any CPU
		{12DB77ED-D315-4E5D-BA74-D36DA4732BDD}.Release|Any CPU.ActiveCfg = Release|Any CPU
		{12DB77ED-D315-4E5D-BA74-D36DA4732BDD}.Release|Any CPU.Build.0 = Release|Any CPU
	EndGlobalSection
	GlobalSection(SolutionProperties) = preSolution
		HideSolutionNode = FALSE
	EndGlobalSection
	GlobalSection(ExtensibilityGlobals) = postSolution
		SolutionGuid = {7ECEC9EA-B4BB-44EC-80B2-C3830AEA9923}
	EndGlobalSection
EndGlobal
